// !$*UTF8*$!
{
	archiveVersion = 1;
	classes = {
	};
	objectVersion = 46;
	objects = {

/* Begin PBXBuildFile section */
		5102C170BDD1617BF9F8FE51 /* Pods_ContactlessTests.framework in Frameworks */ = {isa = PBXBuildFile; fileRef = 22FA52DFE1DD54FFF3C5B077 /* Pods_ContactlessTests.framework */; };
		5D4F700581B4A23F001B5446 /* Pods_Contactless.framework in Frameworks */ = {isa = PBXBuildFile; fileRef = 6349E9FB0D3CF02B679CF866 /* Pods_Contactless.framework */; };
		D05E8AAEF3765F348B780C0B /* Pods_ContactlessUITests.framework in Frameworks */ = {isa = PBXBuildFile; fileRef = 9F94ED14644EFCF429209FB6 /* Pods_ContactlessUITests.framework */; };
		DA28E8D81F8ABD3D003E4570 /* DataSource.swift in Sources */ = {isa = PBXBuildFile; fileRef = DA28E8D71F8ABD3D003E4570 /* DataSource.swift */; };
		DA7F83181F49F5F700870C27 /* AddContactVC.swift in Sources */ = {isa = PBXBuildFile; fileRef = DA7F83171F49F5F700870C27 /* AddContactVC.swift */; };
		DA98289D1F3E2E880084D25E /* AppDelegate.swift in Sources */ = {isa = PBXBuildFile; fileRef = DA98289C1F3E2E880084D25E /* AppDelegate.swift */; };
		DA98289F1F3E2E880084D25E /* ContactListVC.swift in Sources */ = {isa = PBXBuildFile; fileRef = DA98289E1F3E2E880084D25E /* ContactListVC.swift */; };
		DA9828A21F3E2E880084D25E /* Main.storyboard in Resources */ = {isa = PBXBuildFile; fileRef = DA9828A01F3E2E880084D25E /* Main.storyboard */; };
		DA9828A51F3E2E880084D25E /* Contactless.xcdatamodeld in Sources */ = {isa = PBXBuildFile; fileRef = DA9828A31F3E2E880084D25E /* Contactless.xcdatamodeld */; };
		DA9828A71F3E2E880084D25E /* Assets.xcassets in Resources */ = {isa = PBXBuildFile; fileRef = DA9828A61F3E2E880084D25E /* Assets.xcassets */; };
		DA9828AA1F3E2E880084D25E /* LaunchScreen.storyboard in Resources */ = {isa = PBXBuildFile; fileRef = DA9828A81F3E2E880084D25E /* LaunchScreen.storyboard */; };
		DA9828B51F3E2E880084D25E /* ContactlessTests.swift in Sources */ = {isa = PBXBuildFile; fileRef = DA9828B41F3E2E880084D25E /* ContactlessTests.swift */; };
		DA9828C01F3E2E880084D25E /* ContactlessUITests.swift in Sources */ = {isa = PBXBuildFile; fileRef = DA9828BF1F3E2E880084D25E /* ContactlessUITests.swift */; };
		DA9828CE1F3E312F0084D25E /* MaterialView.swift in Sources */ = {isa = PBXBuildFile; fileRef = DA9828CD1F3E312F0084D25E /* MaterialView.swift */; };
		DA9828D01F3E314B0084D25E /* ContactCell.swift in Sources */ = {isa = PBXBuildFile; fileRef = DA9828CF1F3E314B0084D25E /* ContactCell.swift */; };
		DA9828D81F3E37F10084D25E /* Contact.swift in Sources */ = {isa = PBXBuildFile; fileRef = DA9828D71F3E37F10084D25E /* Contact.swift */; };
		DADD03101F3E683A008388E4 /* MaterialTextField.swift in Sources */ = {isa = PBXBuildFile; fileRef = DADD030F1F3E683A008388E4 /* MaterialTextField.swift */; };
		DADD03121F3E6D00008388E4 /* MaterialButton.swift in Sources */ = {isa = PBXBuildFile; fileRef = DADD03111F3E6D00008388E4 /* MaterialButton.swift */; };
		DADD03141F451654008388E4 /* CircularImageView.swift in Sources */ = {isa = PBXBuildFile; fileRef = DADD03131F451654008388E4 /* CircularImageView.swift */; };
/* End PBXBuildFile section */

/* Begin PBXContainerItemProxy section */
		DA9828B11F3E2E880084D25E /* PBXContainerItemProxy */ = {
			isa = PBXContainerItemProxy;
			containerPortal = DA9828911F3E2E880084D25E /* Project object */;
			proxyType = 1;
			remoteGlobalIDString = DA9828981F3E2E880084D25E;
			remoteInfo = Contactless;
		};
		DA9828BC1F3E2E880084D25E /* PBXContainerItemProxy */ = {
			isa = PBXContainerItemProxy;
			containerPortal = DA9828911F3E2E880084D25E /* Project object */;
			proxyType = 1;
			remoteGlobalIDString = DA9828981F3E2E880084D25E;
			remoteInfo = Contactless;
		};
/* End PBXContainerItemProxy section */

/* Begin PBXFileReference section */
		0A16B3D552804E5A416ADE68 /* Pods-Contactless.release.xcconfig */ = {isa = PBXFileReference; includeInIndex = 1; lastKnownFileType = text.xcconfig; name = "Pods-Contactless.release.xcconfig"; path = "Pods/Target Support Files/Pods-Contactless/Pods-Contactless.release.xcconfig"; sourceTree = "<group>"; };
		22FA52DFE1DD54FFF3C5B077 /* Pods_ContactlessTests.framework */ = {isa = PBXFileReference; explicitFileType = wrapper.framework; includeInIndex = 0; path = Pods_ContactlessTests.framework; sourceTree = BUILT_PRODUCTS_DIR; };
		6349E9FB0D3CF02B679CF866 /* Pods_Contactless.framework */ = {isa = PBXFileReference; explicitFileType = wrapper.framework; includeInIndex = 0; path = Pods_Contactless.framework; sourceTree = BUILT_PRODUCTS_DIR; };
		70FAFAC795BCAF10EC3EB3C7 /* Pods-ContactlessTests.release.xcconfig */ = {isa = PBXFileReference; includeInIndex = 1; lastKnownFileType = text.xcconfig; name = "Pods-ContactlessTests.release.xcconfig"; path = "Pods/Target Support Files/Pods-ContactlessTests/Pods-ContactlessTests.release.xcconfig"; sourceTree = "<group>"; };
		9F94ED14644EFCF429209FB6 /* Pods_ContactlessUITests.framework */ = {isa = PBXFileReference; explicitFileType = wrapper.framework; includeInIndex = 0; path = Pods_ContactlessUITests.framework; sourceTree = BUILT_PRODUCTS_DIR; };
		AF3FFDDE5E7F5A72DF3DAD54 /* Pods-ContactlessUITests.release.xcconfig */ = {isa = PBXFileReference; includeInIndex = 1; lastKnownFileType = text.xcconfig; name = "Pods-ContactlessUITests.release.xcconfig"; path = "Pods/Target Support Files/Pods-ContactlessUITests/Pods-ContactlessUITests.release.xcconfig"; sourceTree = "<group>"; };
		D0B87FDC8393E3C7ADBA54BE /* Pods-ContactlessTests.debug.xcconfig */ = {isa = PBXFileReference; includeInIndex = 1; lastKnownFileType = text.xcconfig; name = "Pods-ContactlessTests.debug.xcconfig"; path = "Pods/Target Support Files/Pods-ContactlessTests/Pods-ContactlessTests.debug.xcconfig"; sourceTree = "<group>"; };
		DA28E8D71F8ABD3D003E4570 /* DataSource.swift */ = {isa = PBXFileReference; lastKnownFileType = sourcecode.swift; path = DataSource.swift; sourceTree = "<group>"; };
		DA7F83171F49F5F700870C27 /* AddContactVC.swift */ = {isa = PBXFileReference; fileEncoding = 4; lastKnownFileType = sourcecode.swift; path = AddContactVC.swift; sourceTree = "<group>"; };
		DA9828991F3E2E880084D25E /* Contactless.app */ = {isa = PBXFileReference; explicitFileType = wrapper.application; includeInIndex = 0; path = Contactless.app; sourceTree = BUILT_PRODUCTS_DIR; };
		DA98289C1F3E2E880084D25E /* AppDelegate.swift */ = {isa = PBXFileReference; lastKnownFileType = sourcecode.swift; path = AppDelegate.swift; sourceTree = "<group>"; };
		DA98289E1F3E2E880084D25E /* ContactListVC.swift */ = {isa = PBXFileReference; lastKnownFileType = sourcecode.swift; path = ContactListVC.swift; sourceTree = "<group>"; };
		DA9828A11F3E2E880084D25E /* Base */ = {isa = PBXFileReference; lastKnownFileType = file.storyboard; name = Base; path = Base.lproj/Main.storyboard; sourceTree = "<group>"; };
		DA9828A41F3E2E880084D25E /* Contactless.xcdatamodel */ = {isa = PBXFileReference; lastKnownFileType = wrapper.xcdatamodel; path = Contactless.xcdatamodel; sourceTree = "<group>"; };
		DA9828A61F3E2E880084D25E /* Assets.xcassets */ = {isa = PBXFileReference; lastKnownFileType = folder.assetcatalog; path = Assets.xcassets; sourceTree = "<group>"; };
		DA9828A91F3E2E880084D25E /* Base */ = {isa = PBXFileReference; lastKnownFileType = file.storyboard; name = Base; path = Base.lproj/LaunchScreen.storyboard; sourceTree = "<group>"; };
		DA9828AB1F3E2E880084D25E /* Info.plist */ = {isa = PBXFileReference; lastKnownFileType = text.plist.xml; path = Info.plist; sourceTree = "<group>"; };
		DA9828B01F3E2E880084D25E /* ContactlessTests.xctest */ = {isa = PBXFileReference; explicitFileType = wrapper.cfbundle; includeInIndex = 0; path = ContactlessTests.xctest; sourceTree = BUILT_PRODUCTS_DIR; };
		DA9828B41F3E2E880084D25E /* ContactlessTests.swift */ = {isa = PBXFileReference; lastKnownFileType = sourcecode.swift; path = ContactlessTests.swift; sourceTree = "<group>"; };
		DA9828B61F3E2E880084D25E /* Info.plist */ = {isa = PBXFileReference; lastKnownFileType = text.plist.xml; path = Info.plist; sourceTree = "<group>"; };
		DA9828BB1F3E2E880084D25E /* ContactlessUITests.xctest */ = {isa = PBXFileReference; explicitFileType = wrapper.cfbundle; includeInIndex = 0; path = ContactlessUITests.xctest; sourceTree = BUILT_PRODUCTS_DIR; };
		DA9828BF1F3E2E880084D25E /* ContactlessUITests.swift */ = {isa = PBXFileReference; lastKnownFileType = sourcecode.swift; path = ContactlessUITests.swift; sourceTree = "<group>"; };
		DA9828C11F3E2E880084D25E /* Info.plist */ = {isa = PBXFileReference; lastKnownFileType = text.plist.xml; path = Info.plist; sourceTree = "<group>"; };
		DA9828CD1F3E312F0084D25E /* MaterialView.swift */ = {isa = PBXFileReference; fileEncoding = 4; lastKnownFileType = sourcecode.swift; path = MaterialView.swift; sourceTree = "<group>"; };
		DA9828CF1F3E314B0084D25E /* ContactCell.swift */ = {isa = PBXFileReference; fileEncoding = 4; lastKnownFileType = sourcecode.swift; path = ContactCell.swift; sourceTree = "<group>"; };
		DA9828D71F3E37F10084D25E /* Contact.swift */ = {isa = PBXFileReference; fileEncoding = 4; lastKnownFileType = sourcecode.swift; path = Contact.swift; sourceTree = "<group>"; };
		DADD030F1F3E683A008388E4 /* MaterialTextField.swift */ = {isa = PBXFileReference; fileEncoding = 4; lastKnownFileType = sourcecode.swift; path = MaterialTextField.swift; sourceTree = "<group>"; };
		DADD03111F3E6D00008388E4 /* MaterialButton.swift */ = {isa = PBXFileReference; fileEncoding = 4; lastKnownFileType = sourcecode.swift; path = MaterialButton.swift; sourceTree = "<group>"; };
		DADD03131F451654008388E4 /* CircularImageView.swift */ = {isa = PBXFileReference; fileEncoding = 4; lastKnownFileType = sourcecode.swift; path = CircularImageView.swift; sourceTree = "<group>"; };
		EE0198DC4145D7F7133A7E4C /* Pods-ContactlessUITests.debug.xcconfig */ = {isa = PBXFileReference; includeInIndex = 1; lastKnownFileType = text.xcconfig; name = "Pods-ContactlessUITests.debug.xcconfig"; path = "Pods/Target Support Files/Pods-ContactlessUITests/Pods-ContactlessUITests.debug.xcconfig"; sourceTree = "<group>"; };
		EF50BE16FDFDD42674A2D12D /* Pods-Contactless.debug.xcconfig */ = {isa = PBXFileReference; includeInIndex = 1; lastKnownFileType = text.xcconfig; name = "Pods-Contactless.debug.xcconfig"; path = "Pods/Target Support Files/Pods-Contactless/Pods-Contactless.debug.xcconfig"; sourceTree = "<group>"; };
/* End PBXFileReference section */

/* Begin PBXFrameworksBuildPhase section */
		DA9828961F3E2E880084D25E /* Frameworks */ = {
			isa = PBXFrameworksBuildPhase;
			buildActionMask = 2147483647;
			files = (
				5D4F700581B4A23F001B5446 /* Pods_Contactless.framework in Frameworks */,
			);
			runOnlyForDeploymentPostprocessing = 0;
		};
		DA9828AD1F3E2E880084D25E /* Frameworks */ = {
			isa = PBXFrameworksBuildPhase;
			buildActionMask = 2147483647;
			files = (
				5102C170BDD1617BF9F8FE51 /* Pods_ContactlessTests.framework in Frameworks */,
			);
			runOnlyForDeploymentPostprocessing = 0;
		};
		DA9828B81F3E2E880084D25E /* Frameworks */ = {
			isa = PBXFrameworksBuildPhase;
			buildActionMask = 2147483647;
			files = (
				D05E8AAEF3765F348B780C0B /* Pods_ContactlessUITests.framework in Frameworks */,
			);
			runOnlyForDeploymentPostprocessing = 0;
		};
/* End PBXFrameworksBuildPhase section */

/* Begin PBXGroup section */
		6522B598C83538B0EDAE2FC2 /* Pods */ = {
			isa = PBXGroup;
			children = (
				EF50BE16FDFDD42674A2D12D /* Pods-Contactless.debug.xcconfig */,
				0A16B3D552804E5A416ADE68 /* Pods-Contactless.release.xcconfig */,
				D0B87FDC8393E3C7ADBA54BE /* Pods-ContactlessTests.debug.xcconfig */,
				70FAFAC795BCAF10EC3EB3C7 /* Pods-ContactlessTests.release.xcconfig */,
				EE0198DC4145D7F7133A7E4C /* Pods-ContactlessUITests.debug.xcconfig */,
				AF3FFDDE5E7F5A72DF3DAD54 /* Pods-ContactlessUITests.release.xcconfig */,
			);
			name = Pods;
			sourceTree = "<group>";
		};
		AB7AB88C75D9CA0EEBD809A4 /* Frameworks */ = {
			isa = PBXGroup;
			children = (
				6349E9FB0D3CF02B679CF866 /* Pods_Contactless.framework */,
				22FA52DFE1DD54FFF3C5B077 /* Pods_ContactlessTests.framework */,
				9F94ED14644EFCF429209FB6 /* Pods_ContactlessUITests.framework */,
			);
			name = Frameworks;
			sourceTree = "<group>";
		};
		DA9828901F3E2E880084D25E = {
			isa = PBXGroup;
			children = (
				DA98289B1F3E2E880084D25E /* Contactless */,
				DA9828B31F3E2E880084D25E /* ContactlessTests */,
				DA9828BE1F3E2E880084D25E /* ContactlessUITests */,
				DA98289A1F3E2E880084D25E /* Products */,
				6522B598C83538B0EDAE2FC2 /* Pods */,
				AB7AB88C75D9CA0EEBD809A4 /* Frameworks */,
			);
			sourceTree = "<group>";
		};
		DA98289A1F3E2E880084D25E /* Products */ = {
			isa = PBXGroup;
			children = (
				DA9828991F3E2E880084D25E /* Contactless.app */,
				DA9828B01F3E2E880084D25E /* ContactlessTests.xctest */,
				DA9828BB1F3E2E880084D25E /* ContactlessUITests.xctest */,
			);
			name = Products;
			sourceTree = "<group>";
		};
		DA98289B1F3E2E880084D25E /* Contactless */ = {
			isa = PBXGroup;
			children = (
				DA98289C1F3E2E880084D25E /* AppDelegate.swift */,
				DADC9D301F4E6DD800141650 /* Model */,
				DA9828D51F3E37D40084D25E /* View */,
				DA9828D61F3E37DD0084D25E /* Controller */,
				DA9828A01F3E2E880084D25E /* Main.storyboard */,
				DA9828A61F3E2E880084D25E /* Assets.xcassets */,
				DA9828A81F3E2E880084D25E /* LaunchScreen.storyboard */,
				DA9828AB1F3E2E880084D25E /* Info.plist */,
				DA9828A31F3E2E880084D25E /* Contactless.xcdatamodeld */,
			);
			path = Contactless;
			sourceTree = "<group>";
		};
		DA9828B31F3E2E880084D25E /* ContactlessTests */ = {
			isa = PBXGroup;
			children = (
				DA9828B41F3E2E880084D25E /* ContactlessTests.swift */,
				DA9828B61F3E2E880084D25E /* Info.plist */,
			);
			path = ContactlessTests;
			sourceTree = "<group>";
		};
		DA9828BE1F3E2E880084D25E /* ContactlessUITests */ = {
			isa = PBXGroup;
			children = (
				DA9828BF1F3E2E880084D25E /* ContactlessUITests.swift */,
				DA9828C11F3E2E880084D25E /* Info.plist */,
			);
			path = ContactlessUITests;
			sourceTree = "<group>";
		};
		DA9828D51F3E37D40084D25E /* View */ = {
			isa = PBXGroup;
			children = (
				DA9828CD1F3E312F0084D25E /* MaterialView.swift */,
				DADD03131F451654008388E4 /* CircularImageView.swift */,
				DADD030F1F3E683A008388E4 /* MaterialTextField.swift */,
				DADD03111F3E6D00008388E4 /* MaterialButton.swift */,
				DA9828CF1F3E314B0084D25E /* ContactCell.swift */,
			);
			name = View;
			sourceTree = "<group>";
		};
		DA9828D61F3E37DD0084D25E /* Controller */ = {
			isa = PBXGroup;
			children = (
				DA98289E1F3E2E880084D25E /* ContactListVC.swift */,
				DA7F83171F49F5F700870C27 /* AddContactVC.swift */,
			);
			name = Controller;
			sourceTree = "<group>";
		};
		DADC9D301F4E6DD800141650 /* Model */ = {
			isa = PBXGroup;
			children = (
				DA28E8D71F8ABD3D003E4570 /* DataSource.swift */,
				DA9828D71F3E37F10084D25E /* Contact.swift */,
			);
			name = Model;
			sourceTree = "<group>";
		};
/* End PBXGroup section */

/* Begin PBXNativeTarget section */
		DA9828981F3E2E880084D25E /* Contactless */ = {
			isa = PBXNativeTarget;
			buildConfigurationList = DA9828C41F3E2E880084D25E /* Build configuration list for PBXNativeTarget "Contactless" */;
			buildPhases = (
				B29776046AB595BF7D49A20C /* [CP] Check Pods Manifest.lock */,
				DA9828951F3E2E880084D25E /* Sources */,
				DA9828961F3E2E880084D25E /* Frameworks */,
				DA9828971F3E2E880084D25E /* Resources */,
				BB64787725CB11856CCE5608 /* [CP] Embed Pods Frameworks */,
				6C617C6F716194530B8D7B7D /* [CP] Copy Pods Resources */,
			);
			buildRules = (
			);
			dependencies = (
			);
			name = Contactless;
			productName = Contactless;
			productReference = DA9828991F3E2E880084D25E /* Contactless.app */;
			productType = "com.apple.product-type.application";
		};
		DA9828AF1F3E2E880084D25E /* ContactlessTests */ = {
			isa = PBXNativeTarget;
			buildConfigurationList = DA9828C71F3E2E880084D25E /* Build configuration list for PBXNativeTarget "ContactlessTests" */;
			buildPhases = (
				6856A62A9FF9A207F8941FB7 /* [CP] Check Pods Manifest.lock */,
				DA9828AC1F3E2E880084D25E /* Sources */,
				DA9828AD1F3E2E880084D25E /* Frameworks */,
				DA9828AE1F3E2E880084D25E /* Resources */,
				56828636B2674C928F3D274C /* [CP] Embed Pods Frameworks */,
				0ADFDFE19000EC63170CEDA4 /* [CP] Copy Pods Resources */,
			);
			buildRules = (
			);
			dependencies = (
				DA9828B21F3E2E880084D25E /* PBXTargetDependency */,
			);
			name = ContactlessTests;
			productName = ContactlessTests;
			productReference = DA9828B01F3E2E880084D25E /* ContactlessTests.xctest */;
			productType = "com.apple.product-type.bundle.unit-test";
		};
		DA9828BA1F3E2E880084D25E /* ContactlessUITests */ = {
			isa = PBXNativeTarget;
			buildConfigurationList = DA9828CA1F3E2E880084D25E /* Build configuration list for PBXNativeTarget "ContactlessUITests" */;
			buildPhases = (
				0EE7FDC7DB655C1B0CE6F299 /* [CP] Check Pods Manifest.lock */,
				DA9828B71F3E2E880084D25E /* Sources */,
				DA9828B81F3E2E880084D25E /* Frameworks */,
				DA9828B91F3E2E880084D25E /* Resources */,
				28C33B483AB14D6D4F9AED39 /* [CP] Embed Pods Frameworks */,
				45C0063EE126FE2DB687D606 /* [CP] Copy Pods Resources */,
			);
			buildRules = (
			);
			dependencies = (
				DA9828BD1F3E2E880084D25E /* PBXTargetDependency */,
			);
			name = ContactlessUITests;
			productName = ContactlessUITests;
			productReference = DA9828BB1F3E2E880084D25E /* ContactlessUITests.xctest */;
			productType = "com.apple.product-type.bundle.ui-testing";
		};
/* End PBXNativeTarget section */

/* Begin PBXProject section */
		DA9828911F3E2E880084D25E /* Project object */ = {
			isa = PBXProject;
			attributes = {
				LastSwiftUpdateCheck = 0830;
				LastUpgradeCheck = 0830;
				ORGANIZATIONNAME = "Vardhan Agrawal";
				TargetAttributes = {
					DA9828981F3E2E880084D25E = {
						CreatedOnToolsVersion = 8.3.3;
						ProvisioningStyle = Automatic;
					};
					DA9828AF1F3E2E880084D25E = {
						CreatedOnToolsVersion = 8.3.3;
						DevelopmentTeam = 6NEP5C8ZW6;
						ProvisioningStyle = Automatic;
						TestTargetID = DA9828981F3E2E880084D25E;
					};
					DA9828BA1F3E2E880084D25E = {
						CreatedOnToolsVersion = 8.3.3;
						DevelopmentTeam = 6NEP5C8ZW6;
						ProvisioningStyle = Automatic;
						TestTargetID = DA9828981F3E2E880084D25E;
					};
				};
			};
			buildConfigurationList = DA9828941F3E2E880084D25E /* Build configuration list for PBXProject "Contactless" */;
			compatibilityVersion = "Xcode 3.2";
			developmentRegion = English;
			hasScannedForEncodings = 0;
			knownRegions = (
				en,
				Base,
			);
			mainGroup = DA9828901F3E2E880084D25E;
			productRefGroup = DA98289A1F3E2E880084D25E /* Products */;
			projectDirPath = "";
			projectRoot = "";
			targets = (
				DA9828981F3E2E880084D25E /* Contactless */,
				DA9828AF1F3E2E880084D25E /* ContactlessTests */,
				DA9828BA1F3E2E880084D25E /* ContactlessUITests */,
			);
		};
/* End PBXProject section */

/* Begin PBXResourcesBuildPhase section */
		DA9828971F3E2E880084D25E /* Resources */ = {
			isa = PBXResourcesBuildPhase;
			buildActionMask = 2147483647;
			files = (
				DA9828AA1F3E2E880084D25E /* LaunchScreen.storyboard in Resources */,
				DA9828A71F3E2E880084D25E /* Assets.xcassets in Resources */,
				DA9828A21F3E2E880084D25E /* Main.storyboard in Resources */,
			);
			runOnlyForDeploymentPostprocessing = 0;
		};
		DA9828AE1F3E2E880084D25E /* Resources */ = {
			isa = PBXResourcesBuildPhase;
			buildActionMask = 2147483647;
			files = (
			);
			runOnlyForDeploymentPostprocessing = 0;
		};
		DA9828B91F3E2E880084D25E /* Resources */ = {
			isa = PBXResourcesBuildPhase;
			buildActionMask = 2147483647;
			files = (
			);
			runOnlyForDeploymentPostprocessing = 0;
		};
/* End PBXResourcesBuildPhase section */

/* Begin PBXShellScriptBuildPhase section */
		0ADFDFE19000EC63170CEDA4 /* [CP] Copy Pods Resources */ = {
			isa = PBXShellScriptBuildPhase;
			buildActionMask = 2147483647;
			files = (
			);
			inputPaths = (
			);
			name = "[CP] Copy Pods Resources";
			outputPaths = (
			);
			runOnlyForDeploymentPostprocessing = 0;
			shellPath = /bin/sh;
			shellScript = "\"${SRCROOT}/Pods/Target Support Files/Pods-ContactlessTests/Pods-ContactlessTests-resources.sh\"\n";
			showEnvVarsInLog = 0;
		};
		0EE7FDC7DB655C1B0CE6F299 /* [CP] Check Pods Manifest.lock */ = {
			isa = PBXShellScriptBuildPhase;
			buildActionMask = 2147483647;
			files = (
			);
			inputPaths = (
				"${PODS_PODFILE_DIR_PATH}/Podfile.lock",
				"${PODS_ROOT}/Manifest.lock",
			);
			name = "[CP] Check Pods Manifest.lock";
			outputPaths = (
				"$(DERIVED_FILE_DIR)/Pods-ContactlessUITests-checkManifestLockResult.txt",
			);
			runOnlyForDeploymentPostprocessing = 0;
			shellPath = /bin/sh;
			shellScript = "diff \"${PODS_PODFILE_DIR_PATH}/Podfile.lock\" \"${PODS_ROOT}/Manifest.lock\" > /dev/null\nif [ $? != 0 ] ; then\n    # print error to STDERR\n    echo \"error: The sandbox is not in sync with the Podfile.lock. Run 'pod install' or update your CocoaPods installation.\" >&2\n    exit 1\nfi\n# This output is used by Xcode 'outputs' to avoid re-running this script phase.\necho \"SUCCESS\" > \"${SCRIPT_OUTPUT_FILE_0}\"\n";
			showEnvVarsInLog = 0;
		};
		28C33B483AB14D6D4F9AED39 /* [CP] Embed Pods Frameworks */ = {
			isa = PBXShellScriptBuildPhase;
			buildActionMask = 2147483647;
			files = (
			);
			inputPaths = (
				"${SRCROOT}/Pods/Target Support Files/Pods-ContactlessUITests/Pods-ContactlessUITests-frameworks.sh",
				"${BUILT_PRODUCTS_DIR}/GoogleToolboxForMac/GoogleToolboxForMac.framework",
			);
			name = "[CP] Embed Pods Frameworks";
			outputPaths = (
				"${TARGET_BUILD_DIR}/${FRAMEWORKS_FOLDER_PATH}/GoogleToolboxForMac.framework",
			);
			runOnlyForDeploymentPostprocessing = 0;
			shellPath = /bin/sh;
			shellScript = "\"${SRCROOT}/Pods/Target Support Files/Pods-ContactlessUITests/Pods-ContactlessUITests-frameworks.sh\"\n";
			showEnvVarsInLog = 0;
		};
		45C0063EE126FE2DB687D606 /* [CP] Copy Pods Resources */ = {
			isa = PBXShellScriptBuildPhase;
			buildActionMask = 2147483647;
			files = (
			);
			inputPaths = (
			);
			name = "[CP] Copy Pods Resources";
			outputPaths = (
			);
			runOnlyForDeploymentPostprocessing = 0;
			shellPath = /bin/sh;
			shellScript = "\"${SRCROOT}/Pods/Target Support Files/Pods-ContactlessUITests/Pods-ContactlessUITests-resources.sh\"\n";
			showEnvVarsInLog = 0;
		};
		56828636B2674C928F3D274C /* [CP] Embed Pods Frameworks */ = {
			isa = PBXShellScriptBuildPhase;
			buildActionMask = 2147483647;
			files = (
			);
			inputPaths = (
				"${SRCROOT}/Pods/Target Support Files/Pods-ContactlessTests/Pods-ContactlessTests-frameworks.sh",
				"${BUILT_PRODUCTS_DIR}/GoogleToolboxForMac/GoogleToolboxForMac.framework",
			);
			name = "[CP] Embed Pods Frameworks";
			outputPaths = (
				"${TARGET_BUILD_DIR}/${FRAMEWORKS_FOLDER_PATH}/GoogleToolboxForMac.framework",
			);
			runOnlyForDeploymentPostprocessing = 0;
			shellPath = /bin/sh;
			shellScript = "\"${SRCROOT}/Pods/Target Support Files/Pods-ContactlessTests/Pods-ContactlessTests-frameworks.sh\"\n";
			showEnvVarsInLog = 0;
		};
		6856A62A9FF9A207F8941FB7 /* [CP] Check Pods Manifest.lock */ = {
			isa = PBXShellScriptBuildPhase;
			buildActionMask = 2147483647;
			files = (
			);
			inputPaths = (
				"${PODS_PODFILE_DIR_PATH}/Podfile.lock",
				"${PODS_ROOT}/Manifest.lock",
			);
			name = "[CP] Check Pods Manifest.lock";
			outputPaths = (
				"$(DERIVED_FILE_DIR)/Pods-ContactlessTests-checkManifestLockResult.txt",
			);
			runOnlyForDeploymentPostprocessing = 0;
			shellPath = /bin/sh;
			shellScript = "diff \"${PODS_PODFILE_DIR_PATH}/Podfile.lock\" \"${PODS_ROOT}/Manifest.lock\" > /dev/null\nif [ $? != 0 ] ; then\n    # print error to STDERR\n    echo \"error: The sandbox is not in sync with the Podfile.lock. Run 'pod install' or update your CocoaPods installation.\" >&2\n    exit 1\nfi\n# This output is used by Xcode 'outputs' to avoid re-running this script phase.\necho \"SUCCESS\" > \"${SCRIPT_OUTPUT_FILE_0}\"\n";
			showEnvVarsInLog = 0;
		};
		6C617C6F716194530B8D7B7D /* [CP] Copy Pods Resources */ = {
			isa = PBXShellScriptBuildPhase;
			buildActionMask = 2147483647;
			files = (
			);
			inputPaths = (
			);
			name = "[CP] Copy Pods Resources";
			outputPaths = (
			);
			runOnlyForDeploymentPostprocessing = 0;
			shellPath = /bin/sh;
			shellScript = "\"${SRCROOT}/Pods/Target Support Files/Pods-Contactless/Pods-Contactless-resources.sh\"\n";
			showEnvVarsInLog = 0;
		};
		B29776046AB595BF7D49A20C /* [CP] Check Pods Manifest.lock */ = {
			isa = PBXShellScriptBuildPhase;
			buildActionMask = 2147483647;
			files = (
			);
			inputPaths = (
				"${PODS_PODFILE_DIR_PATH}/Podfile.lock",
				"${PODS_ROOT}/Manifest.lock",
			);
			name = "[CP] Check Pods Manifest.lock";
			outputPaths = (
				"$(DERIVED_FILE_DIR)/Pods-Contactless-checkManifestLockResult.txt",
			);
			runOnlyForDeploymentPostprocessing = 0;
			shellPath = /bin/sh;
			shellScript = "diff \"${PODS_PODFILE_DIR_PATH}/Podfile.lock\" \"${PODS_ROOT}/Manifest.lock\" > /dev/null\nif [ $? != 0 ] ; then\n    # print error to STDERR\n    echo \"error: The sandbox is not in sync with the Podfile.lock. Run 'pod install' or update your CocoaPods installation.\" >&2\n    exit 1\nfi\n# This output is used by Xcode 'outputs' to avoid re-running this script phase.\necho \"SUCCESS\" > \"${SCRIPT_OUTPUT_FILE_0}\"\n";
			showEnvVarsInLog = 0;
		};
		BB64787725CB11856CCE5608 /* [CP] Embed Pods Frameworks */ = {
			isa = PBXShellScriptBuildPhase;
			buildActionMask = 2147483647;
			files = (
			);
			inputPaths = (
				"${SRCROOT}/Pods/Target Support Files/Pods-Contactless/Pods-Contactless-frameworks.sh",
				"${BUILT_PRODUCTS_DIR}/DZNEmptyDataSet/DZNEmptyDataSet.framework",
			);
			name = "[CP] Embed Pods Frameworks";
			outputPaths = (
				"${TARGET_BUILD_DIR}/${FRAMEWORKS_FOLDER_PATH}/DZNEmptyDataSet.framework",
			);
			runOnlyForDeploymentPostprocessing = 0;
			shellPath = /bin/sh;
			shellScript = "\"${SRCROOT}/Pods/Target Support Files/Pods-Contactless/Pods-Contactless-frameworks.sh\"\n";
			showEnvVarsInLog = 0;
		};
/* End PBXShellScriptBuildPhase section */

/* Begin PBXSourcesBuildPhase section */
		DA9828951F3E2E880084D25E /* Sources */ = {
			isa = PBXSourcesBuildPhase;
			buildActionMask = 2147483647;
			files = (
				DA9828D01F3E314B0084D25E /* ContactCell.swift in Sources */,
				DA98289F1F3E2E880084D25E /* ContactListVC.swift in Sources */,
				DADD03121F3E6D00008388E4 /* MaterialButton.swift in Sources */,
				DADD03141F451654008388E4 /* CircularImageView.swift in Sources */,
				DA9828D81F3E37F10084D25E /* Contact.swift in Sources */,
				DA98289D1F3E2E880084D25E /* AppDelegate.swift in Sources */,
				DADD03101F3E683A008388E4 /* MaterialTextField.swift in Sources */,
				DA9828A51F3E2E880084D25E /* Contactless.xcdatamodeld in Sources */,
				DA9828CE1F3E312F0084D25E /* MaterialView.swift in Sources */,
				DA28E8D81F8ABD3D003E4570 /* DataSource.swift in Sources */,
				DA7F83181F49F5F700870C27 /* AddContactVC.swift in Sources */,
			);
			runOnlyForDeploymentPostprocessing = 0;
		};
		DA9828AC1F3E2E880084D25E /* Sources */ = {
			isa = PBXSourcesBuildPhase;
			buildActionMask = 2147483647;
			files = (
				DA9828B51F3E2E880084D25E /* ContactlessTests.swift in Sources */,
			);
			runOnlyForDeploymentPostprocessing = 0;
		};
		DA9828B71F3E2E880084D25E /* Sources */ = {
			isa = PBXSourcesBuildPhase;
			buildActionMask = 2147483647;
			files = (
				DA9828C01F3E2E880084D25E /* ContactlessUITests.swift in Sources */,
			);
			runOnlyForDeploymentPostprocessing = 0;
		};
/* End PBXSourcesBuildPhase section */

/* Begin PBXTargetDependency section */
		DA9828B21F3E2E880084D25E /* PBXTargetDependency */ = {
			isa = PBXTargetDependency;
			target = DA9828981F3E2E880084D25E /* Contactless */;
			targetProxy = DA9828B11F3E2E880084D25E /* PBXContainerItemProxy */;
		};
		DA9828BD1F3E2E880084D25E /* PBXTargetDependency */ = {
			isa = PBXTargetDependency;
			target = DA9828981F3E2E880084D25E /* Contactless */;
			targetProxy = DA9828BC1F3E2E880084D25E /* PBXContainerItemProxy */;
		};
/* End PBXTargetDependency section */

/* Begin PBXVariantGroup section */
		DA9828A01F3E2E880084D25E /* Main.storyboard */ = {
			isa = PBXVariantGroup;
			children = (
				DA9828A11F3E2E880084D25E /* Base */,
			);
			name = Main.storyboard;
			sourceTree = "<group>";
		};
		DA9828A81F3E2E880084D25E /* LaunchScreen.storyboard */ = {
			isa = PBXVariantGroup;
			children = (
				DA9828A91F3E2E880084D25E /* Base */,
			);
			name = LaunchScreen.storyboard;
			sourceTree = "<group>";
		};
/* End PBXVariantGroup section */

/* Begin XCBuildConfiguration section */
		DA9828C21F3E2E880084D25E /* Debug */ = {
			isa = XCBuildConfiguration;
			buildSettings = {
				ALWAYS_SEARCH_USER_PATHS = NO;
				CLANG_ANALYZER_NONNULL = YES;
				CLANG_ANALYZER_NUMBER_OBJECT_CONVERSION = YES_AGGRESSIVE;
				CLANG_CXX_LANGUAGE_STANDARD = "gnu++0x";
				CLANG_CXX_LIBRARY = "libc++";
				CLANG_ENABLE_MODULES = YES;
				CLANG_ENABLE_OBJC_ARC = YES;
				CLANG_WARN_BOOL_CONVERSION = YES;
				CLANG_WARN_CONSTANT_CONVERSION = YES;
				CLANG_WARN_DIRECT_OBJC_ISA_USAGE = YES_ERROR;
				CLANG_WARN_DOCUMENTATION_COMMENTS = YES;
				CLANG_WARN_EMPTY_BODY = YES;
				CLANG_WARN_ENUM_CONVERSION = YES;
				CLANG_WARN_INFINITE_RECURSION = YES;
				CLANG_WARN_INT_CONVERSION = YES;
				CLANG_WARN_OBJC_ROOT_CLASS = YES_ERROR;
				CLANG_WARN_SUSPICIOUS_MOVE = YES;
				CLANG_WARN_UNREACHABLE_CODE = YES;
				CLANG_WARN__DUPLICATE_METHOD_MATCH = YES;
				"CODE_SIGN_IDENTITY[sdk=iphoneos*]" = "iPhone Developer";
				COPY_PHASE_STRIP = NO;
				DEBUG_INFORMATION_FORMAT = dwarf;
				ENABLE_STRICT_OBJC_MSGSEND = YES;
				ENABLE_TESTABILITY = YES;
				GCC_C_LANGUAGE_STANDARD = gnu99;
				GCC_DYNAMIC_NO_PIC = NO;
				GCC_NO_COMMON_BLOCKS = YES;
				GCC_OPTIMIZATION_LEVEL = 0;
				GCC_PREPROCESSOR_DEFINITIONS = (
					"DEBUG=1",
					"$(inherited)",
				);
				GCC_WARN_64_TO_32_BIT_CONVERSION = YES;
				GCC_WARN_ABOUT_RETURN_TYPE = YES_ERROR;
				GCC_WARN_UNDECLARED_SELECTOR = YES;
				GCC_WARN_UNINITIALIZED_AUTOS = YES_AGGRESSIVE;
				GCC_WARN_UNUSED_FUNCTION = YES;
				GCC_WARN_UNUSED_VARIABLE = YES;
				IPHONEOS_DEPLOYMENT_TARGET = 10.3;
				MTL_ENABLE_DEBUG_INFO = YES;
				ONLY_ACTIVE_ARCH = YES;
				SDKROOT = iphoneos;
				SWIFT_ACTIVE_COMPILATION_CONDITIONS = DEBUG;
				SWIFT_OPTIMIZATION_LEVEL = "-Onone";
				TARGETED_DEVICE_FAMILY = "1,2";
			};
			name = Debug;
		};
		DA9828C31F3E2E880084D25E /* Release */ = {
			isa = XCBuildConfiguration;
			buildSettings = {
				ALWAYS_SEARCH_USER_PATHS = NO;
				CLANG_ANALYZER_NONNULL = YES;
				CLANG_ANALYZER_NUMBER_OBJECT_CONVERSION = YES_AGGRESSIVE;
				CLANG_CXX_LANGUAGE_STANDARD = "gnu++0x";
				CLANG_CXX_LIBRARY = "libc++";
				CLANG_ENABLE_MODULES = YES;
				CLANG_ENABLE_OBJC_ARC = YES;
				CLANG_WARN_BOOL_CONVERSION = YES;
				CLANG_WARN_CONSTANT_CONVERSION = YES;
				CLANG_WARN_DIRECT_OBJC_ISA_USAGE = YES_ERROR;
				CLANG_WARN_DOCUMENTATION_COMMENTS = YES;
				CLANG_WARN_EMPTY_BODY = YES;
				CLANG_WARN_ENUM_CONVERSION = YES;
				CLANG_WARN_INFINITE_RECURSION = YES;
				CLANG_WARN_INT_CONVERSION = YES;
				CLANG_WARN_OBJC_ROOT_CLASS = YES_ERROR;
				CLANG_WARN_SUSPICIOUS_MOVE = YES;
				CLANG_WARN_UNREACHABLE_CODE = YES;
				CLANG_WARN__DUPLICATE_METHOD_MATCH = YES;
				"CODE_SIGN_IDENTITY[sdk=iphoneos*]" = "iPhone Developer";
				COPY_PHASE_STRIP = NO;
				DEBUG_INFORMATION_FORMAT = "dwarf-with-dsym";
				ENABLE_NS_ASSERTIONS = NO;
				ENABLE_STRICT_OBJC_MSGSEND = YES;
				GCC_C_LANGUAGE_STANDARD = gnu99;
				GCC_NO_COMMON_BLOCKS = YES;
				GCC_WARN_64_TO_32_BIT_CONVERSION = YES;
				GCC_WARN_ABOUT_RETURN_TYPE = YES_ERROR;
				GCC_WARN_UNDECLARED_SELECTOR = YES;
				GCC_WARN_UNINITIALIZED_AUTOS = YES_AGGRESSIVE;
				GCC_WARN_UNUSED_FUNCTION = YES;
				GCC_WARN_UNUSED_VARIABLE = YES;
				IPHONEOS_DEPLOYMENT_TARGET = 10.3;
				MTL_ENABLE_DEBUG_INFO = NO;
				SDKROOT = iphoneos;
				SWIFT_OPTIMIZATION_LEVEL = "-Owholemodule";
				TARGETED_DEVICE_FAMILY = "1,2";
				VALIDATE_PRODUCT = YES;
			};
			name = Release;
		};
		DA9828C51F3E2E880084D25E /* Debug */ = {
			isa = XCBuildConfiguration;
			baseConfigurationReference = EF50BE16FDFDD42674A2D12D /* Pods-Contactless.debug.xcconfig */;
			buildSettings = {
				ASSETCATALOG_COMPILER_APPICON_NAME = AppIcon;
				DEVELOPMENT_TEAM = "";
				INFOPLIST_FILE = Contactless/Info.plist;
				LD_RUNPATH_SEARCH_PATHS = "$(inherited) @executable_path/Frameworks";
				PRODUCT_BUNDLE_IDENTIFIER = edu.self.Contactless;
				PRODUCT_NAME = "$(TARGET_NAME)";
				SWIFT_VERSION = 3.0;
			};
			name = Debug;
		};
		DA9828C61F3E2E880084D25E /* Release */ = {
			isa = XCBuildConfiguration;
			baseConfigurationReference = 0A16B3D552804E5A416ADE68 /* Pods-Contactless.release.xcconfig */;
			buildSettings = {
				ASSETCATALOG_COMPILER_APPICON_NAME = AppIcon;
				DEVELOPMENT_TEAM = "";
				INFOPLIST_FILE = Contactless/Info.plist;
				LD_RUNPATH_SEARCH_PATHS = "$(inherited) @executable_path/Frameworks";
				PRODUCT_BUNDLE_IDENTIFIER = edu.self.Contactless;
				PRODUCT_NAME = "$(TARGET_NAME)";
				SWIFT_VERSION = 3.0;
			};
			name = Release;
		};
		DA9828C81F3E2E880084D25E /* Debug */ = {
			isa = XCBuildConfiguration;
			baseConfigurationReference = D0B87FDC8393E3C7ADBA54BE /* Pods-ContactlessTests.debug.xcconfig */;
			buildSettings = {
				ALWAYS_EMBED_SWIFT_STANDARD_LIBRARIES = YES;
				BUNDLE_LOADER = "$(TEST_HOST)";
				DEVELOPMENT_TEAM = 6NEP5C8ZW6;
				INFOPLIST_FILE = ContactlessTests/Info.plist;
				LD_RUNPATH_SEARCH_PATHS = "$(inherited) @executable_path/Frameworks @loader_path/Frameworks";
				PRODUCT_BUNDLE_IDENTIFIER = edu.self.ContactlessTests;
				PRODUCT_NAME = "$(TARGET_NAME)";
				SWIFT_VERSION = 3.0;
				TEST_HOST = "$(BUILT_PRODUCTS_DIR)/Contactless.app/Contactless";
			};
			name = Debug;
		};
		DA9828C91F3E2E880084D25E /* Release */ = {
			isa = XCBuildConfiguration;
			baseConfigurationReference = 70FAFAC795BCAF10EC3EB3C7 /* Pods-ContactlessTests.release.xcconfig */;
			buildSettings = {
				ALWAYS_EMBED_SWIFT_STANDARD_LIBRARIES = YES;
				BUNDLE_LOADER = "$(TEST_HOST)";
				DEVELOPMENT_TEAM = 6NEP5C8ZW6;
				INFOPLIST_FILE = ContactlessTests/Info.plist;
				LD_RUNPATH_SEARCH_PATHS = "$(inherited) @executable_path/Frameworks @loader_path/Frameworks";
				PRODUCT_BUNDLE_IDENTIFIER = edu.self.ContactlessTests;
				PRODUCT_NAME = "$(TARGET_NAME)";
				SWIFT_VERSION = 3.0;
				TEST_HOST = "$(BUILT_PRODUCTS_DIR)/Contactless.app/Contactless";
			};
			name = Release;
		};
		DA9828CB1F3E2E880084D25E /* Debug */ = {
			isa = XCBuildConfiguration;
			baseConfigurationReference = EE0198DC4145D7F7133A7E4C /* Pods-ContactlessUITests.debug.xcconfig */;
			buildSettings = {
				ALWAYS_EMBED_SWIFT_STANDARD_LIBRARIES = YES;
				DEVELOPMENT_TEAM = 6NEP5C8ZW6;
				INFOPLIST_FILE = ContactlessUITests/Info.plist;
				LD_RUNPATH_SEARCH_PATHS = "$(inherited) @executable_path/Frameworks @loader_path/Frameworks";
				PRODUCT_BUNDLE_IDENTIFIER = edu.self.ContactlessUITests;
				PRODUCT_NAME = "$(TARGET_NAME)";
				SWIFT_VERSION = 3.0;
				TEST_TARGET_NAME = Contactless;
			};
			name = Debug;
		};
		DA9828CC1F3E2E880084D25E /* Release */ = {
			isa = XCBuildConfiguration;
			baseConfigurationReference = AF3FFDDE5E7F5A72DF3DAD54 /* Pods-ContactlessUITests.release.xcconfig */;
			buildSettings = {
				ALWAYS_EMBED_SWIFT_STANDARD_LIBRARIES = YES;
				DEVELOPMENT_TEAM = 6NEP5C8ZW6;
				INFOPLIST_FILE = ContactlessUITests/Info.plist;
				LD_RUNPATH_SEARCH_PATHS = "$(inherited) @executable_path/Frameworks @loader_path/Frameworks";
				PRODUCT_BUNDLE_IDENTIFIER = edu.self.ContactlessUITests;
				PRODUCT_NAME = "$(TARGET_NAME)";
				SWIFT_VERSION = 3.0;
				TEST_TARGET_NAME = Contactless;
			};
			name = Release;
		};
/* End XCBuildConfiguration section */

/* Begin XCConfigurationList section */
		DA9828941F3E2E880084D25E /* Build configuration list for PBXProject "Contactless" */ = {
			isa = XCConfigurationList;
			buildConfigurations = (
				DA9828C21F3E2E880084D25E /* Debug */,
				DA9828C31F3E2E880084D25E /* Release */,
			);
			defaultConfigurationIsVisible = 0;
			defaultConfigurationName = Release;
		};
		DA9828C41F3E2E880084D25E /* Build configuration list for PBXNativeTarget "Contactless" */ = {
			isa = XCConfigurationList;
			buildConfigurations = (
				DA9828C51F3E2E880084D25E /* Debug */,
				DA9828C61F3E2E880084D25E /* Release */,
			);
			defaultConfigurationIsVisible = 0;
			defaultConfigurationName = Release;
		};
		DA9828C71F3E2E880084D25E /* Build configuration list for PBXNativeTarget "ContactlessTests" */ = {
			isa = XCConfigurationList;
			buildConfigurations = (
				DA9828C81F3E2E880084D25E /* Debug */,
				DA9828C91F3E2E880084D25E /* Release */,
			);
			defaultConfigurationIsVisible = 0;
			defaultConfigurationName = Release;
		};
		DA9828CA1F3E2E880084D25E /* Build configuration list for PBXNativeTarget "ContactlessUITests" */ = {
			isa = XCConfigurationList;
			buildConfigurations = (
				DA9828CB1F3E2E880084D25E /* Debug */,
				DA9828CC1F3E2E880084D25E /* Release */,
			);
			defaultConfigurationIsVisible = 0;
			defaultConfigurationName = Release;
		};
/* End XCConfigurationList section */

/* Begin XCVersionGroup section */
		DA9828A31F3E2E880084D25E /* Contactless.xcdatamodeld */ = {
			isa = XCVersionGroup;
			children = (
				DA9828A41F3E2E880084D25E /* Contactless.xcdatamodel */,
			);
			currentVersion = DA9828A41F3E2E880084D25E /* Contactless.xcdatamodel */;
			path = Contactless.xcdatamodeld;
			sourceTree = "<group>";
			versionGroupType = wrapper.xcdatamodel;
		};
/* End XCVersionGroup section */
	};
	rootObject = DA9828911F3E2E880084D25E /* Project object */;
}
